
Microsoft Visual Studio Solution File, Format Version 12.00
# Visual Studio 15
VisualStudioVersion = 15.0.27004.2006
MinimumVisualStudioVersion = 10.0.40219.1
Project("{9A19103F-16F7-4668-BE54-9A1E7A4F7556}") = "Open.Trl", "Open.Trl\Open.Trl.csproj", "{DD3C3793-4E30-4A76-B6AD-69C9DB155B86}"
EndProject
Project("{FAE04EC0-301F-11D3-BF4B-00C04F79EFBC}") = "Open.Trl.Test", "Open.Trl.Test\Open.Trl.Test.csproj", "{50D1FCBF-A476-495A-9D71-136D178DBC76}"
EndProject
Project("{FAE04EC0-301F-11D3-BF4B-00C04F79EFBC}") = "Open.Trl.App", "Open.Trl.App\Open.Trl.App.csproj", "{9F750FE2-D20E-4D9A-9ED8-352837E92B53}"
EndProject
Global
	GlobalSection(SolutionConfigurationPlatforms) = preSolution
		Debug|Any CPU = Debug|Any CPU
		Release|Any CPU = Release|Any CPU
	EndGlobalSection
	GlobalSection(ProjectConfigurationPlatforms) = postSolution
		{DD3C3793-4E30-4A76-B6AD-69C9DB155B86}.Debug|Any CPU.ActiveCfg = Debug|Any CPU
		{DD3C3793-4E30-4A76-B6AD-69C9DB155B86}.Debug|Any CPU.Build.0 = Debug|Any CPU
		{DD3C3793-4E30-4A76-B6AD-69C9DB155B86}.Release|Any CPU.ActiveCfg = Release|Any CPU
		{DD3C3793-4E30-4A76-B6AD-69C9DB155B86}.Release|Any CPU.Build.0 = Release|Any CPU
		{50D1FCBF-A476-495A-9D71-136D178DBC76}.Debug|Any CPU.ActiveCfg = Debug|Any CPU
		{50D1FCBF-A476-495A-9D71-136D178DBC76}.Debug|Any CPU.Build.0 = Debug|Any CPU
		{50D1FCBF-A476-495A-9D71-136D178DBC76}.Release|Any CPU.ActiveCfg = Release|Any CPU
		{50D1FCBF-A476-495A-9D71-136D178DBC76}.Release|Any CPU.Build.0 = Release|Any CPU
		{9F750FE2-D20E-4D9A-9ED8-352837E92B53}.Debug|Any CPU.ActiveCfg = Debug|Any CPU
		{9F750FE2-D20E-4D9A-9ED8-352837E92B53}.Debug|Any CPU.Build.0 = Debug|Any CPU
		{9F750FE2-D20E-4D9A-9ED8-352837E92B53}.Release|Any CPU.ActiveCfg = Release|Any CPU
		{9F750FE2-D20E-4D9A-9ED8-352837E92B53}.Release|Any CPU.Build.0 = Release|Any CPU
	EndGlobalSection
	GlobalSection(SolutionProperties) = preSolution
		HideSolutionNode = FALSE
	EndGlobalSection
	GlobalSection(ExtensibilityGlobals) = postSolution
		SolutionGuid = {478F9A6F-D69A-4830-8F7D-CC4109D78147}
	EndGlobalSection
EndGlobal
